
Microsoft Visual Studio Solution File, Format Version 12.00
# Visual Studio 15
VisualStudioVersion = 15.0.27703.2042
MinimumVisualStudioVersion = 10.0.40219.1
Project("{FAE04EC0-301F-11D3-BF4B-00C04F79EFBC}") = "HunterDamageCalc", "HunterDamageCalc\HunterDamageCalc.csproj", "{BA2CAA94-17A3-4322-8073-143C2C6CD984}"
EndProject
Global
	GlobalSection(SolutionConfigurationPlatforms) = preSolution
		Debug|Any CPU = Debug|Any CPU
		Release|Any CPU = Release|Any CPU
	EndGlobalSection
	GlobalSection(ProjectConfigurationPlatforms) = postSolution
		{BA2CAA94-17A3-4322-8073-143C2C6CD984}.Debug|Any CPU.ActiveCfg = Debug|Any CPU
		{BA2CAA94-17A3-4322-8073-143C2C6CD984}.Debug|Any CPU.Build.0 = Debug|Any CPU
		{BA2CAA94-17A3-4322-8073-143C2C6CD984}.Release|Any CPU.ActiveCfg = Release|Any CPU
		{BA2CAA94-17A3-4322-8073-143C2C6CD984}.Release|Any CPU.Build.0 = Release|Any CPU
	EndGlobalSection
	GlobalSection(SolutionProperties) = preSolution
		HideSolutionNode = FALSE
	EndGlobalSection
	GlobalSection(ExtensibilityGlobals) = postSolution
		SolutionGuid = {04BBB9A8-5C35-491C-85DE-A53E66D56766}
	EndGlobalSection
EndGlobal
